{
  "name": "fall-2021-project-group-centric-social-network-team-14",
  "version": "1.0.0",
  "lockfileVersion": 2,
  "requires": true,
  "packages": {
    "": {
      "name": "fall-2021-project-group-centric-social-network-team-14",
      "version": "1.0.0",
      "hasInstallScript": true,
      "license": "ISC",
      "engines": {
        "node": "<=16.13.0",
        "npm": "<=8.1.0"
      }
    }
  }
}
